
Microsoft Visual Studio Solution File, Format Version 12.00
# Visual Studio Version 16
VisualStudioVersion = 16.0.31729.503
MinimumVisualStudioVersion = 10.0.40219.1
Project("{FAE04EC0-301F-11D3-BF4B-00C04F79EFBC}") = "ExcelReport", "ExcelReport\ExcelReport.csproj", "{319DBDEA-F095-461A-AFB8-BE6F9BCFF62B}"
EndProject
Global
	GlobalSection(SolutionConfigurationPlatforms) = preSolution
		Debug|Any CPU = Debug|Any CPU
		Release|Any CPU = Release|Any CPU
	EndGlobalSection
	GlobalSection(ProjectConfigurationPlatforms) = postSolution
		{319DBDEA-F095-461A-AFB8-BE6F9BCFF62B}.Debug|Any CPU.ActiveCfg = Debug|Any CPU
		{319DBDEA-F095-461A-AFB8-BE6F9BCFF62B}.Debug|Any CPU.Build.0 = Debug|Any CPU
		{319DBDEA-F095-461A-AFB8-BE6F9BCFF62B}.Release|Any CPU.ActiveCfg = Release|Any CPU
		{319DBDEA-F095-461A-AFB8-BE6F9BCFF62B}.Release|Any CPU.Build.0 = Release|Any CPU
	EndGlobalSection
	GlobalSection(SolutionProperties) = preSolution
		HideSolutionNode = FALSE
	EndGlobalSection
	GlobalSection(ExtensibilityGlobals) = postSolution
		SolutionGuid = {90FFCAE5-FFFA-4E44-B6A9-32AF4802B0F0}
	EndGlobalSection
EndGlobal
